
Microsoft Visual Studio Solution File, Format Version 12.00
# Visual Studio Version 17
VisualStudioVersion = 17.4.33122.133
MinimumVisualStudioVersion = 10.0.40219.1
Project("{FAE04EC0-301F-11D3-BF4B-00C04F79EFBC}") = "TrendByPivotPointsStrategyTests", "TrendByPivotPoints\TrendByPivotPointsStrategyTests.csproj", "{0194D529-32BB-42F5-A9FF-FC531CDCB684}"
	ProjectSection(ProjectDependencies) = postProject
		{B9A9953F-E415-44D8-ABA8-35A77304CCFA} = {B9A9953F-E415-44D8-ABA8-35A77304CCFA}
	EndProjectSection
EndProject
Project("{FAE04EC0-301F-11D3-BF4B-00C04F79EFBC}") = "TrendByPivotPointsStrategy", "TrendByPivotPointsStrategy\TrendByPivotPointsStrategy.csproj", "{B9A9953F-E415-44D8-ABA8-35A77304CCFA}"
EndProject
Project("{FAE04EC0-301F-11D3-BF4B-00C04F79EFBC}") = "TrendByPivotPointsStarter", "TrendByPivotPointsStarter\TrendByPivotPointsStarter.csproj", "{A9C7C965-F0F0-48ED-986A-21D98A8221FC}"
EndProject
Project("{FAE04EC0-301F-11D3-BF4B-00C04F79EFBC}") = "TrendByPivotPointsOptimizator", "TrendByPivotPointsOptimizator\TrendByPivotPointsOptimizator.csproj", "{B51EBF1E-C11F-4D8B-8C1D-61059DEE03FF}"
EndProject
Project("{FAE04EC0-301F-11D3-BF4B-00C04F79EFBC}") = "TrendByPivotPointsOptimizatorTests", "TrendByPivotPointsOptimizatorTests\TrendByPivotPointsOptimizatorTests.csproj", "{6F6C0D47-CBEE-4FB0-AF89-505E7B04960D}"
EndProject
Project("{FAE04EC0-301F-11D3-BF4B-00C04F79EFBC}") = "TrendByPivotPointsPeparatorDataForSpread", "TrendByPivotPointsPeparatorDataForSpread\TrendByPivotPointsPeparatorDataForSpread.csproj", "{02A019BE-BD8F-4DCB-AC8F-69BF74827F47}"
EndProject
Project("{FAE04EC0-301F-11D3-BF4B-00C04F79EFBC}") = "TrendByPivotPointsPeparatorDataForSpreadTests", "TrendByPivotPointsPeparatorDataForSpreadTests\TrendByPivotPointsPeparatorDataForSpreadTests.csproj", "{9B7232DC-700D-40F3-905D-674BEEF8F4DD}"
EndProject
Project("{9A19103F-16F7-4668-BE54-9A1E7A4F7556}") = "SabitovCapitalConsole", "SabitovKapitalConsole\SabitovCapitalConsole.csproj", "{A3BB933E-5F20-4F3F-8146-59A1A11DCFD2}"
EndProject
Project("{9A19103F-16F7-4668-BE54-9A1E7A4F7556}") = "SabitovCapitalConsoleTests", "SabitovKapitalConsoleTests\SabitovCapitalConsoleTests.csproj", "{6FD9DEF5-86E0-4EA7-BDB7-6A264E90DDAE}"
EndProject
Project("{FAE04EC0-301F-11D3-BF4B-00C04F79EFBC}") = "LogPreparator", "LogReader\LogPreparator.csproj", "{8F6F5A91-5ACB-4829-84E2-FCD2A2FE35BA}"
EndProject
Project("{FAE04EC0-301F-11D3-BF4B-00C04F79EFBC}") = "LogPreparatorTests", "LogReaderTests\LogPreparatorTests.csproj", "{55C89EA1-13FD-4FAF-81FC-3D031109E8ED}"
EndProject
Project("{FAE04EC0-301F-11D3-BF4B-00C04F79EFBC}") = "CorrelationCalculator", "CorrelationCalculator\CorrelationCalculator.csproj", "{7A1EA8F0-C63C-4CDE-A973-A9D52D52BCDD}"
EndProject
Project("{FAE04EC0-301F-11D3-BF4B-00C04F79EFBC}") = "CorrelationCalculatorTests", "CorrelationCalculatorTests\CorrelationCalculatorTests.csproj", "{9EF9DAA7-BFB7-4887-BE13-4C30198050D1}"
EndProject
Global
	GlobalSection(SolutionConfigurationPlatforms) = preSolution
		Debug|Any CPU = Debug|Any CPU
		Release|Any CPU = Release|Any CPU
	EndGlobalSection
	GlobalSection(ProjectConfigurationPlatforms) = postSolution
		{0194D529-32BB-42F5-A9FF-FC531CDCB684}.Debug|Any CPU.ActiveCfg = Debug|Any CPU
		{0194D529-32BB-42F5-A9FF-FC531CDCB684}.Debug|Any CPU.Build.0 = Debug|Any CPU
		{0194D529-32BB-42F5-A9FF-FC531CDCB684}.Release|Any CPU.ActiveCfg = Release|Any CPU
		{0194D529-32BB-42F5-A9FF-FC531CDCB684}.Release|Any CPU.Build.0 = Release|Any CPU
		{B9A9953F-E415-44D8-ABA8-35A77304CCFA}.Debug|Any CPU.ActiveCfg = Debug|Any CPU
		{B9A9953F-E415-44D8-ABA8-35A77304CCFA}.Debug|Any CPU.Build.0 = Debug|Any CPU
		{B9A9953F-E415-44D8-ABA8-35A77304CCFA}.Release|Any CPU.ActiveCfg = Release|Any CPU
		{B9A9953F-E415-44D8-ABA8-35A77304CCFA}.Release|Any CPU.Build.0 = Release|Any CPU
		{A9C7C965-F0F0-48ED-986A-21D98A8221FC}.Debug|Any CPU.ActiveCfg = Debug|Any CPU
		{A9C7C965-F0F0-48ED-986A-21D98A8221FC}.Debug|Any CPU.Build.0 = Debug|Any CPU
		{A9C7C965-F0F0-48ED-986A-21D98A8221FC}.Release|Any CPU.ActiveCfg = Release|Any CPU
		{A9C7C965-F0F0-48ED-986A-21D98A8221FC}.Release|Any CPU.Build.0 = Release|Any CPU
		{B51EBF1E-C11F-4D8B-8C1D-61059DEE03FF}.Debug|Any CPU.ActiveCfg = Debug|Any CPU
		{B51EBF1E-C11F-4D8B-8C1D-61059DEE03FF}.Debug|Any CPU.Build.0 = Debug|Any CPU
		{B51EBF1E-C11F-4D8B-8C1D-61059DEE03FF}.Release|Any CPU.ActiveCfg = Release|Any CPU
		{B51EBF1E-C11F-4D8B-8C1D-61059DEE03FF}.Release|Any CPU.Build.0 = Release|Any CPU
		{6F6C0D47-CBEE-4FB0-AF89-505E7B04960D}.Debug|Any CPU.ActiveCfg = Debug|Any CPU
		{6F6C0D47-CBEE-4FB0-AF89-505E7B04960D}.Debug|Any CPU.Build.0 = Debug|Any CPU
		{6F6C0D47-CBEE-4FB0-AF89-505E7B04960D}.Release|Any CPU.ActiveCfg = Release|Any CPU
		{6F6C0D47-CBEE-4FB0-AF89-505E7B04960D}.Release|Any CPU.Build.0 = Release|Any CPU
		{02A019BE-BD8F-4DCB-AC8F-69BF74827F47}.Debug|Any CPU.ActiveCfg = Debug|Any CPU
		{02A019BE-BD8F-4DCB-AC8F-69BF74827F47}.Debug|Any CPU.Build.0 = Debug|Any CPU
		{02A019BE-BD8F-4DCB-AC8F-69BF74827F47}.Release|Any CPU.ActiveCfg = Release|Any CPU
		{02A019BE-BD8F-4DCB-AC8F-69BF74827F47}.Release|Any CPU.Build.0 = Release|Any CPU
		{9B7232DC-700D-40F3-905D-674BEEF8F4DD}.Debug|Any CPU.ActiveCfg = Debug|Any CPU
		{9B7232DC-700D-40F3-905D-674BEEF8F4DD}.Debug|Any CPU.Build.0 = Debug|Any CPU
		{9B7232DC-700D-40F3-905D-674BEEF8F4DD}.Release|Any CPU.ActiveCfg = Release|Any CPU
		{9B7232DC-700D-40F3-905D-674BEEF8F4DD}.Release|Any CPU.Build.0 = Release|Any CPU
		{A3BB933E-5F20-4F3F-8146-59A1A11DCFD2}.Debug|Any CPU.ActiveCfg = Debug|Any CPU
		{A3BB933E-5F20-4F3F-8146-59A1A11DCFD2}.Debug|Any CPU.Build.0 = Debug|Any CPU
		{A3BB933E-5F20-4F3F-8146-59A1A11DCFD2}.Release|Any CPU.ActiveCfg = Release|Any CPU
		{A3BB933E-5F20-4F3F-8146-59A1A11DCFD2}.Release|Any CPU.Build.0 = Release|Any CPU
		{6FD9DEF5-86E0-4EA7-BDB7-6A264E90DDAE}.Debug|Any CPU.ActiveCfg = Debug|Any CPU
		{6FD9DEF5-86E0-4EA7-BDB7-6A264E90DDAE}.Debug|Any CPU.Build.0 = Debug|Any CPU
		{6FD9DEF5-86E0-4EA7-BDB7-6A264E90DDAE}.Release|Any CPU.ActiveCfg = Release|Any CPU
		{6FD9DEF5-86E0-4EA7-BDB7-6A264E90DDAE}.Release|Any CPU.Build.0 = Release|Any CPU
		{8F6F5A91-5ACB-4829-84E2-FCD2A2FE35BA}.Debug|Any CPU.ActiveCfg = Debug|Any CPU
		{8F6F5A91-5ACB-4829-84E2-FCD2A2FE35BA}.Debug|Any CPU.Build.0 = Debug|Any CPU
		{8F6F5A91-5ACB-4829-84E2-FCD2A2FE35BA}.Release|Any CPU.ActiveCfg = Release|Any CPU
		{8F6F5A91-5ACB-4829-84E2-FCD2A2FE35BA}.Release|Any CPU.Build.0 = Release|Any CPU
		{55C89EA1-13FD-4FAF-81FC-3D031109E8ED}.Debug|Any CPU.ActiveCfg = Debug|Any CPU
		{55C89EA1-13FD-4FAF-81FC-3D031109E8ED}.Debug|Any CPU.Build.0 = Debug|Any CPU
		{55C89EA1-13FD-4FAF-81FC-3D031109E8ED}.Release|Any CPU.ActiveCfg = Release|Any CPU
		{55C89EA1-13FD-4FAF-81FC-3D031109E8ED}.Release|Any CPU.Build.0 = Release|Any CPU
		{7A1EA8F0-C63C-4CDE-A973-A9D52D52BCDD}.Debug|Any CPU.ActiveCfg = Debug|Any CPU
		{7A1EA8F0-C63C-4CDE-A973-A9D52D52BCDD}.Debug|Any CPU.Build.0 = Debug|Any CPU
		{7A1EA8F0-C63C-4CDE-A973-A9D52D52BCDD}.Release|Any CPU.ActiveCfg = Release|Any CPU
		{7A1EA8F0-C63C-4CDE-A973-A9D52D52BCDD}.Release|Any CPU.Build.0 = Release|Any CPU
		{9EF9DAA7-BFB7-4887-BE13-4C30198050D1}.Debug|Any CPU.ActiveCfg = Debug|Any CPU
		{9EF9DAA7-BFB7-4887-BE13-4C30198050D1}.Debug|Any CPU.Build.0 = Debug|Any CPU
		{9EF9DAA7-BFB7-4887-BE13-4C30198050D1}.Release|Any CPU.ActiveCfg = Release|Any CPU
		{9EF9DAA7-BFB7-4887-BE13-4C30198050D1}.Release|Any CPU.Build.0 = Release|Any CPU
	EndGlobalSection
	GlobalSection(SolutionProperties) = preSolution
		HideSolutionNode = FALSE
	EndGlobalSection
	GlobalSection(ExtensibilityGlobals) = postSolution
		SolutionGuid = {C05039F9-BDDC-419C-97A4-75153DFB889C}
	EndGlobalSection
EndGlobal
