
Microsoft Visual Studio Solution File, Format Version 12.00
# Visual Studio Version 16
VisualStudioVersion = 16.0.30804.86
MinimumVisualStudioVersion = 10.0.40219.1
Project("{FAE04EC0-301F-11D3-BF4B-00C04F79EFBC}") = "TrendByPivotPointsStrategyTests", "TrendByPivotPoints\TrendByPivotPointsStrategyTests.csproj", "{0194D529-32BB-42F5-A9FF-FC531CDCB684}"
	ProjectSection(ProjectDependencies) = postProject
		{B9A9953F-E415-44D8-ABA8-35A77304CCFA} = {B9A9953F-E415-44D8-ABA8-35A77304CCFA}
	EndProjectSection
EndProject
Project("{FAE04EC0-301F-11D3-BF4B-00C04F79EFBC}") = "TrendByPivotPointsStrategy", "TrendByPivotPointsStrategy\TrendByPivotPointsStrategy.csproj", "{B9A9953F-E415-44D8-ABA8-35A77304CCFA}"
EndProject
Project("{FAE04EC0-301F-11D3-BF4B-00C04F79EFBC}") = "TrendByPivotPointsStarter", "TrendByPivotPointsStarter\TrendByPivotPointsStarter.csproj", "{A9C7C965-F0F0-48ED-986A-21D98A8221FC}"
EndProject
Project("{FAE04EC0-301F-11D3-BF4B-00C04F79EFBC}") = "TrendByPivotPointsOptimizator", "TrendByPivotPointsOptimizator\TrendByPivotPointsOptimizator.csproj", "{B51EBF1E-C11F-4D8B-8C1D-61059DEE03FF}"
EndProject
Global
	GlobalSection(SolutionConfigurationPlatforms) = preSolution
		Debug|Any CPU = Debug|Any CPU
		Release|Any CPU = Release|Any CPU
	EndGlobalSection
	GlobalSection(ProjectConfigurationPlatforms) = postSolution
		{0194D529-32BB-42F5-A9FF-FC531CDCB684}.Debug|Any CPU.ActiveCfg = Debug|Any CPU
		{0194D529-32BB-42F5-A9FF-FC531CDCB684}.Debug|Any CPU.Build.0 = Debug|Any CPU
		{0194D529-32BB-42F5-A9FF-FC531CDCB684}.Release|Any CPU.ActiveCfg = Release|Any CPU
		{0194D529-32BB-42F5-A9FF-FC531CDCB684}.Release|Any CPU.Build.0 = Release|Any CPU
		{B9A9953F-E415-44D8-ABA8-35A77304CCFA}.Debug|Any CPU.ActiveCfg = Debug|Any CPU
		{B9A9953F-E415-44D8-ABA8-35A77304CCFA}.Debug|Any CPU.Build.0 = Debug|Any CPU
		{B9A9953F-E415-44D8-ABA8-35A77304CCFA}.Release|Any CPU.ActiveCfg = Release|Any CPU
		{B9A9953F-E415-44D8-ABA8-35A77304CCFA}.Release|Any CPU.Build.0 = Release|Any CPU
		{A9C7C965-F0F0-48ED-986A-21D98A8221FC}.Debug|Any CPU.ActiveCfg = Debug|Any CPU
		{A9C7C965-F0F0-48ED-986A-21D98A8221FC}.Debug|Any CPU.Build.0 = Debug|Any CPU
		{A9C7C965-F0F0-48ED-986A-21D98A8221FC}.Release|Any CPU.ActiveCfg = Release|Any CPU
		{A9C7C965-F0F0-48ED-986A-21D98A8221FC}.Release|Any CPU.Build.0 = Release|Any CPU
		{B51EBF1E-C11F-4D8B-8C1D-61059DEE03FF}.Debug|Any CPU.ActiveCfg = Debug|Any CPU
		{B51EBF1E-C11F-4D8B-8C1D-61059DEE03FF}.Debug|Any CPU.Build.0 = Debug|Any CPU
		{B51EBF1E-C11F-4D8B-8C1D-61059DEE03FF}.Release|Any CPU.ActiveCfg = Release|Any CPU
		{B51EBF1E-C11F-4D8B-8C1D-61059DEE03FF}.Release|Any CPU.Build.0 = Release|Any CPU
	EndGlobalSection
	GlobalSection(SolutionProperties) = preSolution
		HideSolutionNode = FALSE
	EndGlobalSection
	GlobalSection(ExtensibilityGlobals) = postSolution
		SolutionGuid = {C05039F9-BDDC-419C-97A4-75153DFB889C}
	EndGlobalSection
EndGlobal
